
Microsoft Visual Studio Solution File, Format Version 12.00
# Visual Studio Version 17
VisualStudioVersion = 17.13.35931.197 d17.13
MinimumVisualStudioVersion = 10.0.40219.1
Project("{FAE04EC0-301F-11D3-BF4B-00C04F79EFBC}") = "PresentationApi", "PresentationApi\PresentationApi.csproj", "{63FE0D77-2383-4BF6-87ED-C5ACC591B50F}"
EndProject
Project("{FAE04EC0-301F-11D3-BF4B-00C04F79EFBC}") = "Application", "Application\Application.csproj", "{99C65D06-8E51-4D4B-94C2-0FF9C447CD1A}"
EndProject
Project("{FAE04EC0-301F-11D3-BF4B-00C04F79EFBC}") = "Domain", "Domain\Domain.csproj", "{9125192A-AEFE-42E4-9C76-6BC81BB099B7}"
EndProject
Project("{FAE04EC0-301F-11D3-BF4B-00C04F79EFBC}") = "CommonOperations", "CommonOperations\CommonOperations.csproj", "{A6896651-1594-4E48-81A5-C101C7F73CEC}"
EndProject
Project("{FAE04EC0-301F-11D3-BF4B-00C04F79EFBC}") = "Infrastructure", "Infrastructure\Infrastructure.csproj", "{A48CFF7F-9207-461D-8548-040272C9F019}"
EndProject
Global
	GlobalSection(SolutionConfigurationPlatforms) = preSolution
		Debug|Any CPU = Debug|Any CPU
		Release|Any CPU = Release|Any CPU
	EndGlobalSection
	GlobalSection(ProjectConfigurationPlatforms) = postSolution
		{63FE0D77-2383-4BF6-87ED-C5ACC591B50F}.Debug|Any CPU.ActiveCfg = Debug|Any CPU
		{63FE0D77-2383-4BF6-87ED-C5ACC591B50F}.Debug|Any CPU.Build.0 = Debug|Any CPU
		{63FE0D77-2383-4BF6-87ED-C5ACC591B50F}.Release|Any CPU.ActiveCfg = Release|Any CPU
		{63FE0D77-2383-4BF6-87ED-C5ACC591B50F}.Release|Any CPU.Build.0 = Release|Any CPU
		{99C65D06-8E51-4D4B-94C2-0FF9C447CD1A}.Debug|Any CPU.ActiveCfg = Debug|Any CPU
		{99C65D06-8E51-4D4B-94C2-0FF9C447CD1A}.Debug|Any CPU.Build.0 = Debug|Any CPU
		{99C65D06-8E51-4D4B-94C2-0FF9C447CD1A}.Release|Any CPU.ActiveCfg = Release|Any CPU
		{99C65D06-8E51-4D4B-94C2-0FF9C447CD1A}.Release|Any CPU.Build.0 = Release|Any CPU
		{9125192A-AEFE-42E4-9C76-6BC81BB099B7}.Debug|Any CPU.ActiveCfg = Debug|Any CPU
		{9125192A-AEFE-42E4-9C76-6BC81BB099B7}.Debug|Any CPU.Build.0 = Debug|Any CPU
		{9125192A-AEFE-42E4-9C76-6BC81BB099B7}.Release|Any CPU.ActiveCfg = Release|Any CPU
		{9125192A-AEFE-42E4-9C76-6BC81BB099B7}.Release|Any CPU.Build.0 = Release|Any CPU
		{A6896651-1594-4E48-81A5-C101C7F73CEC}.Debug|Any CPU.ActiveCfg = Debug|Any CPU
		{A6896651-1594-4E48-81A5-C101C7F73CEC}.Debug|Any CPU.Build.0 = Debug|Any CPU
		{A6896651-1594-4E48-81A5-C101C7F73CEC}.Release|Any CPU.ActiveCfg = Release|Any CPU
		{A6896651-1594-4E48-81A5-C101C7F73CEC}.Release|Any CPU.Build.0 = Release|Any CPU
		{A48CFF7F-9207-461D-8548-040272C9F019}.Debug|Any CPU.ActiveCfg = Debug|Any CPU
		{A48CFF7F-9207-461D-8548-040272C9F019}.Debug|Any CPU.Build.0 = Debug|Any CPU
		{A48CFF7F-9207-461D-8548-040272C9F019}.Release|Any CPU.ActiveCfg = Release|Any CPU
		{A48CFF7F-9207-461D-8548-040272C9F019}.Release|Any CPU.Build.0 = Release|Any CPU
	EndGlobalSection
	GlobalSection(SolutionProperties) = preSolution
		HideSolutionNode = FALSE
	EndGlobalSection
	GlobalSection(ExtensibilityGlobals) = postSolution
		SolutionGuid = {FF636992-58E6-4A75-882B-D346E532541B}
	EndGlobalSection
EndGlobal
